
Microsoft Visual Studio Solution File, Format Version 12.00
# Visual Studio 2012
Project("{FAE04EC0-301F-11D3-BF4B-00C04F79EFBC}") = "TypeScriptAngularControllers", "TypeScriptAngularControllers\TypeScriptAngularControllers.csproj", "{207F5850-A7E5-4D27-A77A-A4ACE9FF3FB1}"
EndProject
Global
	GlobalSection(SolutionConfigurationPlatforms) = preSolution
		Debug|Any CPU = Debug|Any CPU
		Release|Any CPU = Release|Any CPU
	EndGlobalSection
	GlobalSection(ProjectConfigurationPlatforms) = postSolution
		{207F5850-A7E5-4D27-A77A-A4ACE9FF3FB1}.Debug|Any CPU.ActiveCfg = Debug|Any CPU
		{207F5850-A7E5-4D27-A77A-A4ACE9FF3FB1}.Debug|Any CPU.Build.0 = Debug|Any CPU
		{207F5850-A7E5-4D27-A77A-A4ACE9FF3FB1}.Release|Any CPU.ActiveCfg = Release|Any CPU
		{207F5850-A7E5-4D27-A77A-A4ACE9FF3FB1}.Release|Any CPU.Build.0 = Release|Any CPU
	EndGlobalSection
	GlobalSection(SolutionProperties) = preSolution
		HideSolutionNode = FALSE
	EndGlobalSection
EndGlobal
